
Microsoft Visual Studio Solution File, Format Version 12.00
# Visual Studio Version 17
VisualStudioVersion = 17.1.32421.90
MinimumVisualStudioVersion = 10.0.40219.1
Project("{9A19103F-16F7-4668-BE54-9A1E7A4F7556}") = "Apps.Sdk.Web", "Src\11.Sdk\Apps.Sdk\Apps.Sdk.Web.csproj", "{F0CEF563-F3C6-41D8-983A-D2A18EF91F8F}"
EndProject
Project("{2150E333-8FDC-42A3-9474-1A3956D46DE8}") = "10.Common", "10.Common", "{9EBD89F9-25F2-42DB-83A2-62497EF12386}"
EndProject
Project("{2150E333-8FDC-42A3-9474-1A3956D46DE8}") = "01.Presentation", "01.Presentation", "{8093D6D9-A480-45D0-954E-7E69990731B2}"
EndProject
Project("{2150E333-8FDC-42A3-9474-1A3956D46DE8}") = "02.Application", "02.Application", "{EA35C32E-97CC-4C26-B838-81BD31712ED5}"
EndProject
Project("{2150E333-8FDC-42A3-9474-1A3956D46DE8}") = "03.Domains", "03.Domains", "{C343E2B4-E494-48A3-9BDE-C4A3068E89D1}"
EndProject
Project("{2150E333-8FDC-42A3-9474-1A3956D46DE8}") = "04.Persistence", "04.Persistence", "{D576EFC9-3A72-4D98-AEEA-409EC2F15B29}"
EndProject
Project("{2150E333-8FDC-42A3-9474-1A3956D46DE8}") = "11.Sdk", "11.Sdk", "{6D47A4D3-24BF-4BC1-8BC4-57F907496262}"
EndProject
Project("{9A19103F-16F7-4668-BE54-9A1E7A4F7556}") = "Apps.Blazor.Components", "Src\11.Sdk\Apps.Blazor.Components\Apps.Blazor.Components.csproj", "{DB3CE970-E67D-4E65-92BA-2EC721886510}"
EndProject
Project("{9A19103F-16F7-4668-BE54-9A1E7A4F7556}") = "Repository.MongoDb", "Src\04.Persistence\MongoDb\Database.MongoDb\Repository.MongoDb.csproj", "{5A1713E4-4565-4149-97FD-F8C99B70D82E}"
EndProject
Project("{9A19103F-16F7-4668-BE54-9A1E7A4F7556}") = "TreeDocs.Service", "Src\01.Presentation\TreeDocs.Service\TreeDocs.Service.csproj", "{53E788EB-DDCF-4B87-B54E-2FE0C9DB66C8}"
EndProject
Project("{9A19103F-16F7-4668-BE54-9A1E7A4F7556}") = "TreeDocs.Domain", "Src\03.Domain\Domain\TreeDocs.Domain.csproj", "{DE74B860-0176-4693-9DC3-0B0CDC5544CB}"
EndProject
Project("{9A19103F-16F7-4668-BE54-9A1E7A4F7556}") = "Application", "Src\02.Application\Application\Application.csproj", "{2F115068-9595-4FE7-9F4D-1365326B97A1}"
EndProject
Project("{9A19103F-16F7-4668-BE54-9A1E7A4F7556}") = "TreeDocs.Service.Contracts", "Src\10.Common\TreeDocs.Service.Contracts\TreeDocs.Service.Contracts.csproj", "{C751DD5C-B1A7-4781-9091-0B169288EAE7}"
EndProject
Project("{9A19103F-16F7-4668-BE54-9A1E7A4F7556}") = "Domain.Shared", "Src\03.Domain\Shared\TreeDocs.Shared\Domain.Shared.csproj", "{00B7B43F-6741-4F25-9B05-89FA6C47C8FC}"
EndProject
Project("{9A19103F-16F7-4668-BE54-9A1E7A4F7556}") = "Auth.Domain", "Src\06.Authorization\TreeDocs.AuthDomain\Auth.Domain.csproj", "{22F3BE1B-8232-472D-8BBC-D483F7CDCFDA}"
EndProject
Project("{9A19103F-16F7-4668-BE54-9A1E7A4F7556}") = "AuthDomain.Persistence.MongoDb", "Src\06.Authorization\TreeDocs.AuthDomain.Persistence.MongoDb\AuthDomain.Persistence.MongoDb.csproj", "{B9CB7971-9F03-49C1-AAE4-021F6A4CBA3F}"
EndProject
Project("{2150E333-8FDC-42A3-9474-1A3956D46DE8}") = "07.Domain.Shared", "07.Domain.Shared", "{6CF4A7BF-8920-4391-AFFE-0CD0C2AE7262}"
EndProject
Project("{2150E333-8FDC-42A3-9474-1A3956D46DE8}") = "99.Tests", "99.Tests", "{38BF68D4-1960-4AD3-92DB-6A022A1348B5}"
EndProject
Project("{9A19103F-16F7-4668-BE54-9A1E7A4F7556}") = "AuthDomain.Tests", "Src\99.Tests\AuthDomain.Tests\AuthDomain.Tests.csproj", "{4539FDFE-4094-47A8-B723-6304E2362FFC}"
EndProject
Project("{9A19103F-16F7-4668-BE54-9A1E7A4F7556}") = "Apps.Sdk", "Src\11.Sdk\Apps.Sdk.Util\Apps.Sdk.csproj", "{31EE8887-7F24-4D54-9BDC-14FFFD36BCBE}"
EndProject
Project("{9A19103F-16F7-4668-BE54-9A1E7A4F7556}") = "Apps.Sdk.DependencyInjection", "Src\11.Sdk\Apps.Sdk.DependencyInjection\Apps.Sdk.DependencyInjection.csproj", "{0F1C171F-F53D-41BB-A623-5ED45ADCD7FC}"
EndProject
Project("{9A19103F-16F7-4668-BE54-9A1E7A4F7556}") = "Auth.Domain.RequestsResponses", "Src\06.Authorization\Auth.Domain.RequestsResponses\Auth.Domain.RequestsResponses.csproj", "{C088D0DB-55DB-4436-88B2-B8ECA39D1E9A}"
EndProject
Project("{9A19103F-16F7-4668-BE54-9A1E7A4F7556}") = "TreeDocs.Domain.RequestResponses", "Src\03.Domain\TreeDocs.Domain.RequestResponses\TreeDocs.Domain.RequestResponses.csproj", "{01385C49-10C2-4353-AEA8-FA815A626622}"
EndProject
Project("{E53339B2-1760-4266-BCC7-CA923CBCF16C}") = "docker-compose", "docker-compose.dcproj", "{72AFF7D8-863C-4CD7-9D49-556C4E7EEC85}"
EndProject
Project("{2150E333-8FDC-42A3-9474-1A3956D46DE8}") = "Solution Items", "Solution Items", "{B01E1F60-A265-4133-93F5-F6398C89B27D}"
	ProjectSection(SolutionItems) = preProject
		LICENSE = LICENSE
		README.md = README.md
	EndProjectSection
EndProject
Project("{FAE04EC0-301F-11D3-BF4B-00C04F79EFBC}") = "Audit.Persistence.MongoDb", "Src\04.Persistence\Audit.Persistence.MongoDb\Audit.Persistence.MongoDb.csproj", "{CE0E0CB9-1334-4A37-B668-8E509165CF4D}"
EndProject
Global
	GlobalSection(SolutionConfigurationPlatforms) = preSolution
		Debug|Any CPU = Debug|Any CPU
		Release|Any CPU = Release|Any CPU
	EndGlobalSection
	GlobalSection(ProjectConfigurationPlatforms) = postSolution
		{F0CEF563-F3C6-41D8-983A-D2A18EF91F8F}.Debug|Any CPU.ActiveCfg = Debug|Any CPU
		{F0CEF563-F3C6-41D8-983A-D2A18EF91F8F}.Debug|Any CPU.Build.0 = Debug|Any CPU
		{F0CEF563-F3C6-41D8-983A-D2A18EF91F8F}.Release|Any CPU.ActiveCfg = Release|Any CPU
		{F0CEF563-F3C6-41D8-983A-D2A18EF91F8F}.Release|Any CPU.Build.0 = Release|Any CPU
		{DB3CE970-E67D-4E65-92BA-2EC721886510}.Debug|Any CPU.ActiveCfg = Debug|Any CPU
		{DB3CE970-E67D-4E65-92BA-2EC721886510}.Debug|Any CPU.Build.0 = Debug|Any CPU
		{DB3CE970-E67D-4E65-92BA-2EC721886510}.Release|Any CPU.ActiveCfg = Release|Any CPU
		{DB3CE970-E67D-4E65-92BA-2EC721886510}.Release|Any CPU.Build.0 = Release|Any CPU
		{5A1713E4-4565-4149-97FD-F8C99B70D82E}.Debug|Any CPU.ActiveCfg = Debug|Any CPU
		{5A1713E4-4565-4149-97FD-F8C99B70D82E}.Debug|Any CPU.Build.0 = Debug|Any CPU
		{5A1713E4-4565-4149-97FD-F8C99B70D82E}.Release|Any CPU.ActiveCfg = Release|Any CPU
		{5A1713E4-4565-4149-97FD-F8C99B70D82E}.Release|Any CPU.Build.0 = Release|Any CPU
		{53E788EB-DDCF-4B87-B54E-2FE0C9DB66C8}.Debug|Any CPU.ActiveCfg = Debug|Any CPU
		{53E788EB-DDCF-4B87-B54E-2FE0C9DB66C8}.Debug|Any CPU.Build.0 = Debug|Any CPU
		{53E788EB-DDCF-4B87-B54E-2FE0C9DB66C8}.Release|Any CPU.ActiveCfg = Release|Any CPU
		{53E788EB-DDCF-4B87-B54E-2FE0C9DB66C8}.Release|Any CPU.Build.0 = Release|Any CPU
		{DE74B860-0176-4693-9DC3-0B0CDC5544CB}.Debug|Any CPU.ActiveCfg = Debug|Any CPU
		{DE74B860-0176-4693-9DC3-0B0CDC5544CB}.Debug|Any CPU.Build.0 = Debug|Any CPU
		{DE74B860-0176-4693-9DC3-0B0CDC5544CB}.Release|Any CPU.ActiveCfg = Release|Any CPU
		{DE74B860-0176-4693-9DC3-0B0CDC5544CB}.Release|Any CPU.Build.0 = Release|Any CPU
		{2F115068-9595-4FE7-9F4D-1365326B97A1}.Debug|Any CPU.ActiveCfg = Debug|Any CPU
		{2F115068-9595-4FE7-9F4D-1365326B97A1}.Debug|Any CPU.Build.0 = Debug|Any CPU
		{2F115068-9595-4FE7-9F4D-1365326B97A1}.Release|Any CPU.ActiveCfg = Release|Any CPU
		{2F115068-9595-4FE7-9F4D-1365326B97A1}.Release|Any CPU.Build.0 = Release|Any CPU
		{C751DD5C-B1A7-4781-9091-0B169288EAE7}.Debug|Any CPU.ActiveCfg = Debug|Any CPU
		{C751DD5C-B1A7-4781-9091-0B169288EAE7}.Debug|Any CPU.Build.0 = Debug|Any CPU
		{C751DD5C-B1A7-4781-9091-0B169288EAE7}.Release|Any CPU.ActiveCfg = Release|Any CPU
		{C751DD5C-B1A7-4781-9091-0B169288EAE7}.Release|Any CPU.Build.0 = Release|Any CPU
		{00B7B43F-6741-4F25-9B05-89FA6C47C8FC}.Debug|Any CPU.ActiveCfg = Debug|Any CPU
		{00B7B43F-6741-4F25-9B05-89FA6C47C8FC}.Debug|Any CPU.Build.0 = Debug|Any CPU
		{00B7B43F-6741-4F25-9B05-89FA6C47C8FC}.Release|Any CPU.ActiveCfg = Release|Any CPU
		{00B7B43F-6741-4F25-9B05-89FA6C47C8FC}.Release|Any CPU.Build.0 = Release|Any CPU
		{22F3BE1B-8232-472D-8BBC-D483F7CDCFDA}.Debug|Any CPU.ActiveCfg = Debug|Any CPU
		{22F3BE1B-8232-472D-8BBC-D483F7CDCFDA}.Debug|Any CPU.Build.0 = Debug|Any CPU
		{22F3BE1B-8232-472D-8BBC-D483F7CDCFDA}.Release|Any CPU.ActiveCfg = Release|Any CPU
		{22F3BE1B-8232-472D-8BBC-D483F7CDCFDA}.Release|Any CPU.Build.0 = Release|Any CPU
		{B9CB7971-9F03-49C1-AAE4-021F6A4CBA3F}.Debug|Any CPU.ActiveCfg = Debug|Any CPU
		{B9CB7971-9F03-49C1-AAE4-021F6A4CBA3F}.Debug|Any CPU.Build.0 = Debug|Any CPU
		{B9CB7971-9F03-49C1-AAE4-021F6A4CBA3F}.Release|Any CPU.ActiveCfg = Release|Any CPU
		{B9CB7971-9F03-49C1-AAE4-021F6A4CBA3F}.Release|Any CPU.Build.0 = Release|Any CPU
		{4539FDFE-4094-47A8-B723-6304E2362FFC}.Debug|Any CPU.ActiveCfg = Debug|Any CPU
		{4539FDFE-4094-47A8-B723-6304E2362FFC}.Debug|Any CPU.Build.0 = Debug|Any CPU
		{4539FDFE-4094-47A8-B723-6304E2362FFC}.Release|Any CPU.ActiveCfg = Release|Any CPU
		{4539FDFE-4094-47A8-B723-6304E2362FFC}.Release|Any CPU.Build.0 = Release|Any CPU
		{31EE8887-7F24-4D54-9BDC-14FFFD36BCBE}.Debug|Any CPU.ActiveCfg = Debug|Any CPU
		{31EE8887-7F24-4D54-9BDC-14FFFD36BCBE}.Debug|Any CPU.Build.0 = Debug|Any CPU
		{31EE8887-7F24-4D54-9BDC-14FFFD36BCBE}.Release|Any CPU.ActiveCfg = Release|Any CPU
		{31EE8887-7F24-4D54-9BDC-14FFFD36BCBE}.Release|Any CPU.Build.0 = Release|Any CPU
		{0F1C171F-F53D-41BB-A623-5ED45ADCD7FC}.Debug|Any CPU.ActiveCfg = Debug|Any CPU
		{0F1C171F-F53D-41BB-A623-5ED45ADCD7FC}.Debug|Any CPU.Build.0 = Debug|Any CPU
		{0F1C171F-F53D-41BB-A623-5ED45ADCD7FC}.Release|Any CPU.ActiveCfg = Release|Any CPU
		{0F1C171F-F53D-41BB-A623-5ED45ADCD7FC}.Release|Any CPU.Build.0 = Release|Any CPU
		{C088D0DB-55DB-4436-88B2-B8ECA39D1E9A}.Debug|Any CPU.ActiveCfg = Debug|Any CPU
		{C088D0DB-55DB-4436-88B2-B8ECA39D1E9A}.Debug|Any CPU.Build.0 = Debug|Any CPU
		{C088D0DB-55DB-4436-88B2-B8ECA39D1E9A}.Release|Any CPU.ActiveCfg = Release|Any CPU
		{C088D0DB-55DB-4436-88B2-B8ECA39D1E9A}.Release|Any CPU.Build.0 = Release|Any CPU
		{01385C49-10C2-4353-AEA8-FA815A626622}.Debug|Any CPU.ActiveCfg = Debug|Any CPU
		{01385C49-10C2-4353-AEA8-FA815A626622}.Debug|Any CPU.Build.0 = Debug|Any CPU
		{01385C49-10C2-4353-AEA8-FA815A626622}.Release|Any CPU.ActiveCfg = Release|Any CPU
		{01385C49-10C2-4353-AEA8-FA815A626622}.Release|Any CPU.Build.0 = Release|Any CPU
		{72AFF7D8-863C-4CD7-9D49-556C4E7EEC85}.Debug|Any CPU.ActiveCfg = Debug|Any CPU
		{72AFF7D8-863C-4CD7-9D49-556C4E7EEC85}.Debug|Any CPU.Build.0 = Debug|Any CPU
		{72AFF7D8-863C-4CD7-9D49-556C4E7EEC85}.Release|Any CPU.ActiveCfg = Release|Any CPU
		{72AFF7D8-863C-4CD7-9D49-556C4E7EEC85}.Release|Any CPU.Build.0 = Release|Any CPU
		{CE0E0CB9-1334-4A37-B668-8E509165CF4D}.Debug|Any CPU.ActiveCfg = Debug|Any CPU
		{CE0E0CB9-1334-4A37-B668-8E509165CF4D}.Debug|Any CPU.Build.0 = Debug|Any CPU
		{CE0E0CB9-1334-4A37-B668-8E509165CF4D}.Release|Any CPU.ActiveCfg = Release|Any CPU
		{CE0E0CB9-1334-4A37-B668-8E509165CF4D}.Release|Any CPU.Build.0 = Release|Any CPU
	EndGlobalSection
	GlobalSection(SolutionProperties) = preSolution
		HideSolutionNode = FALSE
	EndGlobalSection
	GlobalSection(NestedProjects) = preSolution
		{F0CEF563-F3C6-41D8-983A-D2A18EF91F8F} = {6D47A4D3-24BF-4BC1-8BC4-57F907496262}
		{DB3CE970-E67D-4E65-92BA-2EC721886510} = {6D47A4D3-24BF-4BC1-8BC4-57F907496262}
		{5A1713E4-4565-4149-97FD-F8C99B70D82E} = {D576EFC9-3A72-4D98-AEEA-409EC2F15B29}
		{53E788EB-DDCF-4B87-B54E-2FE0C9DB66C8} = {8093D6D9-A480-45D0-954E-7E69990731B2}
		{DE74B860-0176-4693-9DC3-0B0CDC5544CB} = {C343E2B4-E494-48A3-9BDE-C4A3068E89D1}
		{2F115068-9595-4FE7-9F4D-1365326B97A1} = {EA35C32E-97CC-4C26-B838-81BD31712ED5}
		{C751DD5C-B1A7-4781-9091-0B169288EAE7} = {9EBD89F9-25F2-42DB-83A2-62497EF12386}
		{00B7B43F-6741-4F25-9B05-89FA6C47C8FC} = {6CF4A7BF-8920-4391-AFFE-0CD0C2AE7262}
		{22F3BE1B-8232-472D-8BBC-D483F7CDCFDA} = {C343E2B4-E494-48A3-9BDE-C4A3068E89D1}
		{B9CB7971-9F03-49C1-AAE4-021F6A4CBA3F} = {D576EFC9-3A72-4D98-AEEA-409EC2F15B29}
		{4539FDFE-4094-47A8-B723-6304E2362FFC} = {38BF68D4-1960-4AD3-92DB-6A022A1348B5}
		{31EE8887-7F24-4D54-9BDC-14FFFD36BCBE} = {6D47A4D3-24BF-4BC1-8BC4-57F907496262}
		{0F1C171F-F53D-41BB-A623-5ED45ADCD7FC} = {6D47A4D3-24BF-4BC1-8BC4-57F907496262}
		{C088D0DB-55DB-4436-88B2-B8ECA39D1E9A} = {C343E2B4-E494-48A3-9BDE-C4A3068E89D1}
		{01385C49-10C2-4353-AEA8-FA815A626622} = {C343E2B4-E494-48A3-9BDE-C4A3068E89D1}
		{CE0E0CB9-1334-4A37-B668-8E509165CF4D} = {D576EFC9-3A72-4D98-AEEA-409EC2F15B29}
	EndGlobalSection
	GlobalSection(ExtensibilityGlobals) = postSolution
		SolutionGuid = {9896D077-FDC4-4E14-BFCE-1AE89D6A17A3}
	EndGlobalSection
EndGlobal
